
Microsoft Visual Studio Solution File, Format Version 12.00
# Visual Studio Version 17
VisualStudioVersion = 17.9.34622.214
MinimumVisualStudioVersion = 10.0.40219.1
Project("{FAE04EC0-301F-11D3-BF4B-00C04F79EFBC}") = "BTetris", "BTetris\BTetris.csproj", "{EFB773EA-03EF-43E9-BCD8-83C33AAA6853}"
EndProject
Global
	GlobalSection(SolutionConfigurationPlatforms) = preSolution
		Debug|Any CPU = Debug|Any CPU
		Release|Any CPU = Release|Any CPU
	EndGlobalSection
	GlobalSection(ProjectConfigurationPlatforms) = postSolution
		{EFB773EA-03EF-43E9-BCD8-83C33AAA6853}.Debug|Any CPU.ActiveCfg = Debug|Any CPU
		{EFB773EA-03EF-43E9-BCD8-83C33AAA6853}.Debug|Any CPU.Build.0 = Debug|Any CPU
		{EFB773EA-03EF-43E9-BCD8-83C33AAA6853}.Release|Any CPU.ActiveCfg = Release|Any CPU
		{EFB773EA-03EF-43E9-BCD8-83C33AAA6853}.Release|Any CPU.Build.0 = Release|Any CPU
	EndGlobalSection
	GlobalSection(SolutionProperties) = preSolution
		HideSolutionNode = FALSE
	EndGlobalSection
	GlobalSection(ExtensibilityGlobals) = postSolution
		SolutionGuid = {3E68FD9D-1E0B-41A8-BD37-AE0B284AD472}
	EndGlobalSection
EndGlobal
